
Microsoft Visual Studio Solution File, Format Version 12.00
# Visual Studio Version 16
VisualStudioVersion = 16.0.31702.278
MinimumVisualStudioVersion = 10.0.40219.1
Project("{FAE04EC0-301F-11D3-BF4B-00C04F79EFBC}") = "TestActions", "TestActions\TestActions.csproj", "{0F3BC487-DE65-4E9A-897F-B2730065EF3A}"
EndProject
Project("{FAE04EC0-301F-11D3-BF4B-00C04F79EFBC}") = "ClassLibrary", "ClassLibrary\ClassLibrary.csproj", "{819EAE32-846C-435A-8796-C1AC29D82848}"
EndProject
Project("{FAE04EC0-301F-11D3-BF4B-00C04F79EFBC}") = "Tests", "Tests\Tests.csproj", "{41F216BC-949D-4446-8F57-2DAD58B4E00A}"
EndProject
Global
	GlobalSection(SolutionConfigurationPlatforms) = preSolution
		Debug|Any CPU = Debug|Any CPU
		Release|Any CPU = Release|Any CPU
	EndGlobalSection
	GlobalSection(ProjectConfigurationPlatforms) = postSolution
		{0F3BC487-DE65-4E9A-897F-B2730065EF3A}.Debug|Any CPU.ActiveCfg = Debug|Any CPU
		{0F3BC487-DE65-4E9A-897F-B2730065EF3A}.Debug|Any CPU.Build.0 = Debug|Any CPU
		{0F3BC487-DE65-4E9A-897F-B2730065EF3A}.Release|Any CPU.ActiveCfg = Release|Any CPU
		{0F3BC487-DE65-4E9A-897F-B2730065EF3A}.Release|Any CPU.Build.0 = Release|Any CPU
		{819EAE32-846C-435A-8796-C1AC29D82848}.Debug|Any CPU.ActiveCfg = Debug|Any CPU
		{819EAE32-846C-435A-8796-C1AC29D82848}.Debug|Any CPU.Build.0 = Debug|Any CPU
		{819EAE32-846C-435A-8796-C1AC29D82848}.Release|Any CPU.ActiveCfg = Release|Any CPU
		{819EAE32-846C-435A-8796-C1AC29D82848}.Release|Any CPU.Build.0 = Release|Any CPU
		{41F216BC-949D-4446-8F57-2DAD58B4E00A}.Debug|Any CPU.ActiveCfg = Debug|Any CPU
		{41F216BC-949D-4446-8F57-2DAD58B4E00A}.Debug|Any CPU.Build.0 = Debug|Any CPU
		{41F216BC-949D-4446-8F57-2DAD58B4E00A}.Release|Any CPU.ActiveCfg = Release|Any CPU
		{41F216BC-949D-4446-8F57-2DAD58B4E00A}.Release|Any CPU.Build.0 = Release|Any CPU
	EndGlobalSection
	GlobalSection(SolutionProperties) = preSolution
		HideSolutionNode = FALSE
	EndGlobalSection
	GlobalSection(ExtensibilityGlobals) = postSolution
		SolutionGuid = {A519BC7C-181C-4AB8-8FA1-5007A732CEB1}
	EndGlobalSection
EndGlobal
